
Microsoft Visual Studio Solution File, Format Version 12.00
# Visual Studio Version 16
VisualStudioVersion = 16.0.28922.388
MinimumVisualStudioVersion = 10.0.40219.1
Project("{FAE04EC0-301F-11D3-BF4B-00C04F79EFBC}") = "Polygon.ColorPicker", "Polygon.ColorPicker\Polygon.ColorPicker.csproj", "{958A1752-FEA5-44FE-B557-3AFC37051358}"
EndProject
Project("{2150E333-8FDC-42A3-9474-1A3956D46DE8}") = "_Utils", "_Utils", "{4F48D561-6ABC-413D-8F2E-825456E35F31}"
EndProject
Project("{2150E333-8FDC-42A3-9474-1A3956D46DE8}") = "Models", "Models", "{719D9000-8CD7-44A3-9653-AB972E4F0A97}"
EndProject
Project("{FAE04EC0-301F-11D3-BF4B-00C04F79EFBC}") = "Polygon.Models", "Polygon.Models\Polygon.Models.csproj", "{8DA1B494-04D7-47E2-8347-4D236DFD7433}"
EndProject
Project("{FAE04EC0-301F-11D3-BF4B-00C04F79EFBC}") = "Polygon.Utils", "Polygon.Utils\Polygon.Utils.csproj", "{DEF84A2A-C88D-47CF-BEA3-58C927FC124E}"
EndProject
Global
	GlobalSection(SolutionConfigurationPlatforms) = preSolution
		Debug|Any CPU = Debug|Any CPU
		Release|Any CPU = Release|Any CPU
	EndGlobalSection
	GlobalSection(ProjectConfigurationPlatforms) = postSolution
		{958A1752-FEA5-44FE-B557-3AFC37051358}.Debug|Any CPU.ActiveCfg = Debug|Any CPU
		{958A1752-FEA5-44FE-B557-3AFC37051358}.Debug|Any CPU.Build.0 = Debug|Any CPU
		{958A1752-FEA5-44FE-B557-3AFC37051358}.Release|Any CPU.ActiveCfg = Release|Any CPU
		{958A1752-FEA5-44FE-B557-3AFC37051358}.Release|Any CPU.Build.0 = Release|Any CPU
		{8DA1B494-04D7-47E2-8347-4D236DFD7433}.Debug|Any CPU.ActiveCfg = Debug|Any CPU
		{8DA1B494-04D7-47E2-8347-4D236DFD7433}.Debug|Any CPU.Build.0 = Debug|Any CPU
		{8DA1B494-04D7-47E2-8347-4D236DFD7433}.Release|Any CPU.ActiveCfg = Release|Any CPU
		{8DA1B494-04D7-47E2-8347-4D236DFD7433}.Release|Any CPU.Build.0 = Release|Any CPU
		{DEF84A2A-C88D-47CF-BEA3-58C927FC124E}.Debug|Any CPU.ActiveCfg = Debug|Any CPU
		{DEF84A2A-C88D-47CF-BEA3-58C927FC124E}.Debug|Any CPU.Build.0 = Debug|Any CPU
		{DEF84A2A-C88D-47CF-BEA3-58C927FC124E}.Release|Any CPU.ActiveCfg = Release|Any CPU
		{DEF84A2A-C88D-47CF-BEA3-58C927FC124E}.Release|Any CPU.Build.0 = Release|Any CPU
	EndGlobalSection
	GlobalSection(SolutionProperties) = preSolution
		HideSolutionNode = FALSE
	EndGlobalSection
	GlobalSection(NestedProjects) = preSolution
		{8DA1B494-04D7-47E2-8347-4D236DFD7433} = {719D9000-8CD7-44A3-9653-AB972E4F0A97}
		{DEF84A2A-C88D-47CF-BEA3-58C927FC124E} = {4F48D561-6ABC-413D-8F2E-825456E35F31}
	EndGlobalSection
	GlobalSection(ExtensibilityGlobals) = postSolution
		SolutionGuid = {E79EE48C-E725-4E3B-A531-DD621D35BD83}
	EndGlobalSection
EndGlobal
